# This is a Gradle generated file for dependency locking.
# Manual edits can break the build and are not advised.
# This file is expected to be part of source control.
org.apiguardian:apiguardian-api:1.1.2=testJvm11CompileClasspath,testJvm12CompileClasspath,testJvm13CompileClasspath,testJvm14CompileClasspath,testJvm15CompileClasspath,testJvm16CompileClasspath,testJvm17CompileClasspath,testJvm18CompileClasspath,testJvm19CompileClasspath,testJvm20CompileClasspath,testJvm21CompileClasspath
org.junit.jupiter:junit-jupiter-api:5.8.2=testJvm11CompileClasspath,testJvm11RuntimeClasspath,testJvm12CompileClasspath,testJvm12RuntimeClasspath,testJvm13CompileClasspath,testJvm13RuntimeClasspath,testJvm14CompileClasspath,testJvm14RuntimeClasspath,testJvm15CompileClasspath,testJvm15RuntimeClasspath,testJvm16CompileClasspath,testJvm16RuntimeClasspath,testJvm17CompileClasspath,testJvm17RuntimeClasspath,testJvm18CompileClasspath,testJvm18RuntimeClasspath,testJvm19CompileClasspath,testJvm19RuntimeClasspath,testJvm20CompileClasspath,testJvm20RuntimeClasspath,testJvm21CompileClasspath,testJvm21RuntimeClasspath
org.junit.jupiter:junit-jupiter-engine:5.8.2=testJvm11RuntimeClasspath,testJvm12RuntimeClasspath,testJvm13RuntimeClasspath,testJvm14RuntimeClasspath,testJvm15RuntimeClasspath,testJvm16RuntimeClasspath,testJvm17RuntimeClasspath,testJvm18RuntimeClasspath,testJvm19RuntimeClasspath,testJvm20RuntimeClasspath,testJvm21RuntimeClasspath
org.junit.jupiter:junit-jupiter-params:5.8.2=testJvm11CompileClasspath,testJvm11RuntimeClasspath,testJvm12CompileClasspath,testJvm12RuntimeClasspath,testJvm13CompileClasspath,testJvm13RuntimeClasspath,testJvm14CompileClasspath,testJvm14RuntimeClasspath,testJvm15CompileClasspath,testJvm15RuntimeClasspath,testJvm16CompileClasspath,testJvm16RuntimeClasspath,testJvm17CompileClasspath,testJvm17RuntimeClasspath,testJvm18CompileClasspath,testJvm18RuntimeClasspath,testJvm19CompileClasspath,testJvm19RuntimeClasspath,testJvm20CompileClasspath,testJvm20RuntimeClasspath,testJvm21CompileClasspath,testJvm21RuntimeClasspath
org.junit.jupiter:junit-jupiter:5.8.2=testJvm11CompileClasspath,testJvm11RuntimeClasspath,testJvm12CompileClasspath,testJvm12RuntimeClasspath,testJvm13CompileClasspath,testJvm13RuntimeClasspath,testJvm14CompileClasspath,testJvm14RuntimeClasspath,testJvm15CompileClasspath,testJvm15RuntimeClasspath,testJvm16CompileClasspath,testJvm16RuntimeClasspath,testJvm17CompileClasspath,testJvm17RuntimeClasspath,testJvm18CompileClasspath,testJvm18RuntimeClasspath,testJvm19CompileClasspath,testJvm19RuntimeClasspath,testJvm20CompileClasspath,testJvm20RuntimeClasspath,testJvm21CompileClasspath,testJvm21RuntimeClasspath
org.junit.platform:junit-platform-commons:1.8.2=testJvm11CompileClasspath,testJvm11RuntimeClasspath,testJvm12CompileClasspath,testJvm12RuntimeClasspath,testJvm13CompileClasspath,testJvm13RuntimeClasspath,testJvm14CompileClasspath,testJvm14RuntimeClasspath,testJvm15CompileClasspath,testJvm15RuntimeClasspath,testJvm16CompileClasspath,testJvm16RuntimeClasspath,testJvm17CompileClasspath,testJvm17RuntimeClasspath,testJvm18CompileClasspath,testJvm18RuntimeClasspath,testJvm19CompileClasspath,testJvm19RuntimeClasspath,testJvm20CompileClasspath,testJvm20RuntimeClasspath,testJvm21CompileClasspath,testJvm21RuntimeClasspath
org.junit.platform:junit-platform-engine:1.8.2=testJvm11RuntimeClasspath,testJvm12RuntimeClasspath,testJvm13RuntimeClasspath,testJvm14RuntimeClasspath,testJvm15RuntimeClasspath,testJvm16RuntimeClasspath,testJvm17RuntimeClasspath,testJvm18RuntimeClasspath,testJvm19RuntimeClasspath,testJvm20RuntimeClasspath,testJvm21RuntimeClasspath
org.junit.platform:junit-platform-launcher:1.8.2=testJvm11RuntimeClasspath,testJvm12RuntimeClasspath,testJvm13RuntimeClasspath,testJvm14RuntimeClasspath,testJvm15RuntimeClasspath,testJvm16RuntimeClasspath,testJvm17RuntimeClasspath,testJvm18RuntimeClasspath,testJvm19RuntimeClasspath,testJvm20RuntimeClasspath,testJvm21RuntimeClasspath
org.junit:junit-bom:5.8.2=testJvm11CompileClasspath,testJvm11RuntimeClasspath,testJvm12CompileClasspath,testJvm12RuntimeClasspath,testJvm13CompileClasspath,testJvm13RuntimeClasspath,testJvm14CompileClasspath,testJvm14RuntimeClasspath,testJvm15CompileClasspath,testJvm15RuntimeClasspath,testJvm16CompileClasspath,testJvm16RuntimeClasspath,testJvm17CompileClasspath,testJvm17RuntimeClasspath,testJvm18CompileClasspath,testJvm18RuntimeClasspath,testJvm19CompileClasspath,testJvm19RuntimeClasspath,testJvm20CompileClasspath,testJvm20RuntimeClasspath,testJvm21CompileClasspath,testJvm21RuntimeClasspath
org.opentest4j:opentest4j:1.2.0=testJvm11CompileClasspath,testJvm11RuntimeClasspath,testJvm12CompileClasspath,testJvm12RuntimeClasspath,testJvm13CompileClasspath,testJvm13RuntimeClasspath,testJvm14CompileClasspath,testJvm14RuntimeClasspath,testJvm15CompileClasspath,testJvm15RuntimeClasspath,testJvm16CompileClasspath,testJvm16RuntimeClasspath,testJvm17CompileClasspath,testJvm17RuntimeClasspath,testJvm18CompileClasspath,testJvm18RuntimeClasspath,testJvm19CompileClasspath,testJvm19RuntimeClasspath,testJvm20CompileClasspath,testJvm20RuntimeClasspath,testJvm21CompileClasspath,testJvm21RuntimeClasspath
empty=annotationProcessor,compileClasspath,jvm11AnnotationProcessor,jvm11CompileClasspath,jvm11RuntimeClasspath,jvm17AnnotationProcessor,jvm17CompileClasspath,jvm17RuntimeClasspath,jvm21AnnotationProcessor,jvm21CompileClasspath,jvm21RuntimeClasspath,modulepath,runtimeClasspath,testAnnotationProcessor,testCompileClasspath,testJvm11AnnotationProcessor,testJvm12AnnotationProcessor,testJvm13AnnotationProcessor,testJvm14AnnotationProcessor,testJvm15AnnotationProcessor,testJvm16AnnotationProcessor,testJvm17AnnotationProcessor,testJvm18AnnotationProcessor,testJvm19AnnotationProcessor,testJvm20AnnotationProcessor,testJvm21AnnotationProcessor,testRuntimeClasspath
