# This is a Gradle generated file for dependency locking.
# Manual edits can break the build and are not advised.
# This file is expected to be part of source control.
aopalliance:aopalliance:1.0=aggregateCodeCoverageReportResults,aggregateTestReportResults,runtimeClasspath,testRuntimeClasspath
build.buf.protoc-gen-validate:pgv-java-grpc:1.0.2=aggregateCodeCoverageReportResults,aggregateTestReportResults,runtimeClasspath,testRuntimeClasspath
build.buf.protoc-gen-validate:pgv-java-stub:1.0.2=aggregateCodeCoverageReportResults,aggregateTestReportResults,runtimeClasspath,testRuntimeClasspath
build.buf.protoc-gen-validate:pgv-java:1.0.2=aggregateCodeCoverageReportResults,aggregateTestReportResults,runtimeClasspath,testRuntimeClasspath
build.buf:connect-kotlin:0.1.10=aggregateCodeCoverageReportResults,aggregateTestReportResults,runtimeClasspath,testRuntimeClasspath
build.less:buildless-plugin-gradle:1.0.0-rc2=aggregateCodeCoverageReportResults,aggregateTestReportResults,runtimeClasspath,testRuntimeClasspath
com.adarshr:gradle-test-logger-plugin:4.0.0=aggregateCodeCoverageReportResults,aggregateTestReportResults,runtimeClasspath,testRuntimeClasspath
com.beust:jcommander:1.82=detekt
com.bnorm.power:kotlin-power-assert-gradle:0.13.0=aggregateCodeCoverageReportResults,aggregateTestReportResults,runtimeClasspath,testRuntimeClasspath
com.diffplug.durian:durian-collect:1.2.0=aggregateCodeCoverageReportResults,aggregateTestReportResults,runtimeClasspath,testRuntimeClasspath
com.diffplug.durian:durian-core:1.2.0=aggregateCodeCoverageReportResults,aggregateTestReportResults,runtimeClasspath,testRuntimeClasspath
com.diffplug.durian:durian-io:1.2.0=aggregateCodeCoverageReportResults,aggregateTestReportResults,runtimeClasspath,testRuntimeClasspath
com.diffplug.durian:durian-swt.os:4.2.2=aggregateCodeCoverageReportResults,aggregateTestReportResults,runtimeClasspath,testRuntimeClasspath
com.diffplug.spotless:spotless-lib-extra:2.45.0=aggregateCodeCoverageReportResults,aggregateTestReportResults,runtimeClasspath,testRuntimeClasspath
com.diffplug.spotless:spotless-lib:2.45.0=aggregateCodeCoverageReportResults,aggregateTestReportResults,runtimeClasspath,testRuntimeClasspath
com.diffplug.spotless:spotless-plugin-gradle:6.25.0=aggregateCodeCoverageReportResults,aggregateTestReportResults,runtimeClasspath,testRuntimeClasspath
com.esotericsoftware:minlog:1.3.1=aggregateCodeCoverageReportResults,aggregateTestReportResults,runtimeClasspath,testRuntimeClasspath
com.ethlo.time:itu:1.7.0=aggregateCodeCoverageReportResults,aggregateTestReportResults,runtimeClasspath,testRuntimeClasspath
com.fasterxml.jackson.core:jackson-annotations:2.12.7=dokkaGfmPlugin,dokkaGfmRuntime,dokkaHtmlPlugin,dokkaHtmlRuntime,dokkaJavadocPlugin,dokkaJavadocRuntime,dokkaJekyllPlugin,dokkaJekyllRuntime
com.fasterxml.jackson.core:jackson-annotations:2.16.0=aggregateCodeCoverageReportResults,aggregateTestReportResults,runtimeClasspath,testRuntimeClasspath
com.fasterxml.jackson.core:jackson-core:2.12.7=dokkaGfmPlugin,dokkaGfmRuntime,dokkaHtmlPlugin,dokkaHtmlRuntime,dokkaJavadocPlugin,dokkaJavadocRuntime,dokkaJekyllPlugin,dokkaJekyllRuntime
com.fasterxml.jackson.core:jackson-core:2.16.0=aggregateCodeCoverageReportResults,aggregateTestReportResults,runtimeClasspath,testRuntimeClasspath
com.fasterxml.jackson.core:jackson-databind:2.12.7.1=dokkaGfmPlugin,dokkaGfmRuntime,dokkaHtmlPlugin,dokkaHtmlRuntime,dokkaJavadocPlugin,dokkaJavadocRuntime,dokkaJekyllPlugin,dokkaJekyllRuntime
com.fasterxml.jackson.core:jackson-databind:2.16.0=aggregateCodeCoverageReportResults,aggregateTestReportResults,runtimeClasspath,testRuntimeClasspath
com.fasterxml.jackson.dataformat:jackson-dataformat-xml:2.12.7=dokkaGfmRuntime,dokkaHtmlRuntime,dokkaJavadocRuntime,dokkaJekyllRuntime
com.fasterxml.jackson.dataformat:jackson-dataformat-xml:2.16.0=aggregateCodeCoverageReportResults,aggregateTestReportResults,runtimeClasspath,testRuntimeClasspath
com.fasterxml.jackson.dataformat:jackson-dataformat-yaml:2.16.0=aggregateCodeCoverageReportResults,aggregateTestReportResults,runtimeClasspath,testRuntimeClasspath
com.fasterxml.jackson.datatype:jackson-datatype-jsr310:2.16.0=aggregateCodeCoverageReportResults,aggregateTestReportResults,runtimeClasspath,testRuntimeClasspath
com.fasterxml.jackson.module:jackson-module-afterburner:2.16.0=aggregateCodeCoverageReportResults,aggregateTestReportResults,runtimeClasspath,testRuntimeClasspath
com.fasterxml.jackson.module:jackson-module-blackbird:2.16.0=aggregateCodeCoverageReportResults,aggregateTestReportResults,runtimeClasspath,testRuntimeClasspath
com.fasterxml.jackson.module:jackson-module-jaxb-annotations:2.12.7=dokkaGfmRuntime,dokkaHtmlRuntime,dokkaJavadocRuntime,dokkaJekyllRuntime
com.fasterxml.jackson.module:jackson-module-kotlin:2.12.7=dokkaGfmPlugin,dokkaGfmRuntime,dokkaHtmlPlugin,dokkaHtmlRuntime,dokkaJavadocPlugin,dokkaJavadocRuntime,dokkaJekyllPlugin,dokkaJekyllRuntime
com.fasterxml.jackson.module:jackson-module-kotlin:2.16.0=aggregateCodeCoverageReportResults,aggregateTestReportResults,runtimeClasspath,testRuntimeClasspath
com.fasterxml.jackson:jackson-bom:2.12.7=dokkaGfmPlugin,dokkaGfmRuntime,dokkaHtmlPlugin,dokkaHtmlRuntime,dokkaJavadocPlugin,dokkaJavadocRuntime,dokkaJekyllPlugin,dokkaJekyllRuntime
com.fasterxml.jackson:jackson-bom:2.16.0=aggregateCodeCoverageReportResults,aggregateTestReportResults,runtimeClasspath,testRuntimeClasspath
com.fasterxml.woodstox:woodstox-core:6.2.4=dokkaGfmRuntime,dokkaHtmlRuntime,dokkaJavadocRuntime,dokkaJekyllRuntime
com.fasterxml.woodstox:woodstox-core:6.5.1=aggregateCodeCoverageReportResults,aggregateTestReportResults,runtimeClasspath,testRuntimeClasspath
com.github.gmazzo.buildconfig:plugin:5.3.5=aggregateCodeCoverageReportResults,aggregateTestReportResults,runtimeClasspath,testRuntimeClasspath
com.github.package-url:packageurl-java:1.4.1=aggregateCodeCoverageReportResults,aggregateTestReportResults,runtimeClasspath,testRuntimeClasspath
com.github.spullara.mustache.java:compiler:0.9.6=aggregateCodeCoverageReportResults,aggregateTestReportResults,runtimeClasspath,testRuntimeClasspath
com.github.zafarkhaja:java-semver:0.9.0=aggregateCodeCoverageReportResults,aggregateTestReportResults,runtimeClasspath,testRuntimeClasspath
com.google.android:annotations:4.1.1.4=aggregateCodeCoverageReportResults,aggregateTestReportResults,runtimeClasspath,testRuntimeClasspath
com.google.api.grpc:proto-google-common-protos:2.22.0=aggregateCodeCoverageReportResults,aggregateTestReportResults,runtimeClasspath,testRuntimeClasspath
com.google.auth:google-auth-library-credentials:1.4.0=aggregateCodeCoverageReportResults,aggregateTestReportResults,runtimeClasspath,testRuntimeClasspath
com.google.code.findbugs:jsr305:3.0.2=aggregateCodeCoverageReportResults,aggregateTestReportResults,runtimeClasspath,testRuntimeClasspath
com.google.code.gson:gson:2.10.1=aggregateCodeCoverageReportResults,aggregateTestReportResults,runtimeClasspath,testRuntimeClasspath
com.google.errorprone:error_prone_annotations:2.23.0=aggregateCodeCoverageReportResults,aggregateTestReportResults,runtimeClasspath,testRuntimeClasspath
com.google.guava:failureaccess:1.0.2=aggregateCodeCoverageReportResults,aggregateTestReportResults,runtimeClasspath,testRuntimeClasspath
com.google.guava:guava:33.0.0-jre=aggregateCodeCoverageReportResults,aggregateTestReportResults,runtimeClasspath,testRuntimeClasspath
com.google.guava:listenablefuture:9999.0-empty-to-avoid-conflict-with-guava=aggregateCodeCoverageReportResults,aggregateTestReportResults,runtimeClasspath,testRuntimeClasspath
com.google.inject:guice:5.1.0=aggregateCodeCoverageReportResults,aggregateTestReportResults,runtimeClasspath,testRuntimeClasspath
com.google.j2objc:j2objc-annotations:2.8=aggregateCodeCoverageReportResults,aggregateTestReportResults,runtimeClasspath,testRuntimeClasspath
com.google.protobuf:protobuf-java-util:3.23.3=aggregateCodeCoverageReportResults,aggregateTestReportResults,runtimeClasspath,testRuntimeClasspath
com.google.protobuf:protobuf-java:3.25.1=aggregateCodeCoverageReportResults,aggregateTestReportResults,runtimeClasspath,testRuntimeClasspath
com.google.protobuf:protobuf-kotlin:3.25.1=aggregateCodeCoverageReportResults,aggregateTestReportResults,runtimeClasspath,testRuntimeClasspath
com.google.re2j:re2j:1.7=aggregateCodeCoverageReportResults,aggregateTestReportResults,runtimeClasspath,testRuntimeClasspath
com.googlecode.concurrent-trees:concurrent-trees:2.6.1=aggregateCodeCoverageReportResults,aggregateTestReportResults,runtimeClasspath,testRuntimeClasspath
com.googlecode.javaewah:JavaEWAH:1.2.3=aggregateCodeCoverageReportResults,aggregateTestReportResults,runtimeClasspath,testRuntimeClasspath
com.gradle.publish:plugin-publish-plugin:1.2.1=aggregateCodeCoverageReportResults,aggregateTestReportResults,runtimeClasspath,testRuntimeClasspath
com.gradle:common-custom-user-data-gradle-plugin:1.13=aggregateCodeCoverageReportResults,aggregateTestReportResults,runtimeClasspath,testRuntimeClasspath
com.gradle:gradle-enterprise-gradle-plugin:3.16.2=aggregateCodeCoverageReportResults,aggregateTestReportResults,runtimeClasspath,testRuntimeClasspath
com.gradleup:gr8-plugin:0.10=aggregateCodeCoverageReportResults,aggregateTestReportResults,runtimeClasspath,testRuntimeClasspath
com.guardsquare:proguard-base:7.4.2=aggregateCodeCoverageReportResults,aggregateTestReportResults,runtimeClasspath,testRuntimeClasspath
com.guardsquare:proguard-core:9.1.1=aggregateCodeCoverageReportResults,aggregateTestReportResults,runtimeClasspath,testRuntimeClasspath
com.guardsquare:proguard-gradle:7.4.2=aggregateCodeCoverageReportResults,aggregateTestReportResults,runtimeClasspath,testRuntimeClasspath
com.h2database:h2:2.1.214=aggregateCodeCoverageReportResults,aggregateTestReportResults,runtimeClasspath,testRuntimeClasspath
com.h3xstream.retirejs:retirejs-core:3.0.4=aggregateCodeCoverageReportResults,aggregateTestReportResults,runtimeClasspath,testRuntimeClasspath
com.hankcs:aho-corasick-double-array-trie:1.2.3=aggregateCodeCoverageReportResults,aggregateTestReportResults,runtimeClasspath,testRuntimeClasspath
com.moandjiezana.toml:toml4j:0.7.2=aggregateCodeCoverageReportResults,aggregateTestReportResults,runtimeClasspath,testRuntimeClasspath
com.networknt:json-schema-validator:1.0.87=aggregateCodeCoverageReportResults,aggregateTestReportResults,runtimeClasspath,testRuntimeClasspath
com.samskivert:jmustache:1.15=aggregateCodeCoverageReportResults,aggregateTestReportResults,runtimeClasspath,testRuntimeClasspath
com.squareup.moshi:moshi-kotlin:1.14.0=aggregateCodeCoverageReportResults,aggregateTestReportResults,runtimeClasspath,testRuntimeClasspath
com.squareup.moshi:moshi:1.14.0=aggregateCodeCoverageReportResults,aggregateTestReportResults,runtimeClasspath,testRuntimeClasspath
com.squareup.okhttp3:okhttp:4.12.0=aggregateCodeCoverageReportResults,aggregateTestReportResults,runtimeClasspath,testRuntimeClasspath
com.squareup.okio:okio-jvm:3.6.0=aggregateCodeCoverageReportResults,aggregateTestReportResults,runtimeClasspath,testRuntimeClasspath
com.squareup.okio:okio:3.6.0=aggregateCodeCoverageReportResults,aggregateTestReportResults,runtimeClasspath,testRuntimeClasspath
com.squareup:javapoet:1.13.0=aggregateCodeCoverageReportResults,aggregateTestReportResults,runtimeClasspath,testCompileClasspath,testImplementationDependenciesMetadata,testRuntimeClasspath
com.squareup:kotlinpoet-jvm:1.15.3=aggregateCodeCoverageReportResults,aggregateTestReportResults,runtimeClasspath
com.squareup:kotlinpoet-jvm:1.16.0=testCompileClasspath,testRuntimeClasspath
com.squareup:kotlinpoet:1.15.3=aggregateCodeCoverageReportResults,aggregateTestReportResults,runtimeClasspath
com.squareup:kotlinpoet:1.16.0=testCompileClasspath,testImplementationDependenciesMetadata,testRuntimeClasspath
com.vaadin.external.google:android-json:0.0.20131108.vaadin1=aggregateCodeCoverageReportResults,aggregateTestReportResults,runtimeClasspath,testRuntimeClasspath
commons-beanutils:commons-beanutils:1.9.4=aggregateCodeCoverageReportResults,aggregateTestReportResults,runtimeClasspath,testRuntimeClasspath
commons-codec:commons-codec:1.16.0=aggregateCodeCoverageReportResults,aggregateTestReportResults,runtimeClasspath,testRuntimeClasspath
commons-collections:commons-collections:3.2.2=aggregateCodeCoverageReportResults,aggregateTestReportResults,runtimeClasspath,testRuntimeClasspath
commons-digester:commons-digester:2.1=aggregateCodeCoverageReportResults,aggregateTestReportResults,runtimeClasspath,testRuntimeClasspath
commons-io:commons-io:2.15.1=aggregateCodeCoverageReportResults,aggregateTestReportResults,runtimeClasspath,testRuntimeClasspath
commons-logging:commons-logging:1.2=aggregateCodeCoverageReportResults,aggregateTestReportResults,runtimeClasspath,testRuntimeClasspath
commons-validator:commons-validator:1.7=aggregateCodeCoverageReportResults,aggregateTestReportResults,runtimeClasspath,testRuntimeClasspath
dev.equo.ide:solstice:1.7.5=aggregateCodeCoverageReportResults,aggregateTestReportResults,runtimeClasspath,testRuntimeClasspath
dev.sigstore:sigstore-gradle-sign-base-plugin:0.7.0=aggregateCodeCoverageReportResults,aggregateTestReportResults,runtimeClasspath,testRuntimeClasspath
dev.sigstore:sigstore-gradle-sign-plugin:0.7.0=aggregateCodeCoverageReportResults,aggregateTestReportResults,runtimeClasspath,testRuntimeClasspath
gradle.plugin.org.jetbrains.gradle.plugin.idea-ext:gradle-idea-ext:1.1.7=aggregateCodeCoverageReportResults,aggregateTestReportResults,runtimeClasspath,testRuntimeClasspath
io.github.davidburstrom.contester:contester-breakpoint:0.2.0=detekt
io.github.detekt.sarif4k:sarif4k-jvm:0.4.0=detekt
io.github.detekt.sarif4k:sarif4k:0.4.0=detekt
io.github.jeremylong:jcs3-slf4j:1.0.5=aggregateCodeCoverageReportResults,aggregateTestReportResults,runtimeClasspath,testRuntimeClasspath
io.github.jeremylong:open-vulnerability-clients:5.1.1=aggregateCodeCoverageReportResults,aggregateTestReportResults,runtimeClasspath,testRuntimeClasspath
io.gitlab.arturbosch.detekt:detekt-api:1.23.5=detekt
io.gitlab.arturbosch.detekt:detekt-cli:1.23.5=detekt
io.gitlab.arturbosch.detekt:detekt-core:1.23.5=detekt
io.gitlab.arturbosch.detekt:detekt-gradle-plugin:1.23.5=aggregateCodeCoverageReportResults,aggregateTestReportResults,runtimeClasspath,testRuntimeClasspath
io.gitlab.arturbosch.detekt:detekt-metrics:1.23.5=detekt
io.gitlab.arturbosch.detekt:detekt-parser:1.23.5=detekt
io.gitlab.arturbosch.detekt:detekt-psi-utils:1.23.5=detekt
io.gitlab.arturbosch.detekt:detekt-report-html:1.23.5=detekt
io.gitlab.arturbosch.detekt:detekt-report-md:1.23.5=detekt
io.gitlab.arturbosch.detekt:detekt-report-sarif:1.23.5=detekt
io.gitlab.arturbosch.detekt:detekt-report-txt:1.23.5=detekt
io.gitlab.arturbosch.detekt:detekt-report-xml:1.23.5=detekt
io.gitlab.arturbosch.detekt:detekt-rules-complexity:1.23.5=detekt
io.gitlab.arturbosch.detekt:detekt-rules-coroutines:1.23.5=detekt
io.gitlab.arturbosch.detekt:detekt-rules-documentation:1.23.5=detekt
io.gitlab.arturbosch.detekt:detekt-rules-empty:1.23.5=detekt
io.gitlab.arturbosch.detekt:detekt-rules-errorprone:1.23.5=detekt
io.gitlab.arturbosch.detekt:detekt-rules-exceptions:1.23.5=detekt
io.gitlab.arturbosch.detekt:detekt-rules-naming:1.23.5=detekt
io.gitlab.arturbosch.detekt:detekt-rules-performance:1.23.5=detekt
io.gitlab.arturbosch.detekt:detekt-rules-style:1.23.5=detekt
io.gitlab.arturbosch.detekt:detekt-rules:1.23.5=detekt
io.gitlab.arturbosch.detekt:detekt-tooling:1.23.5=detekt
io.gitlab.arturbosch.detekt:detekt-utils:1.23.5=detekt
io.grpc:grpc-api:1.60.0=aggregateCodeCoverageReportResults,aggregateTestReportResults,runtimeClasspath,testRuntimeClasspath
io.grpc:grpc-auth:1.60.0=aggregateCodeCoverageReportResults,aggregateTestReportResults,runtimeClasspath,testRuntimeClasspath
io.grpc:grpc-context:1.60.0=aggregateCodeCoverageReportResults,aggregateTestReportResults,runtimeClasspath,testRuntimeClasspath
io.grpc:grpc-core:1.60.0=aggregateCodeCoverageReportResults,aggregateTestReportResults,runtimeClasspath,testRuntimeClasspath
io.grpc:grpc-kotlin-stub:1.3.1=aggregateCodeCoverageReportResults,aggregateTestReportResults,runtimeClasspath,testRuntimeClasspath
io.grpc:grpc-protobuf-lite:1.60.0=aggregateCodeCoverageReportResults,aggregateTestReportResults,runtimeClasspath,testRuntimeClasspath
io.grpc:grpc-protobuf:1.60.0=aggregateCodeCoverageReportResults,aggregateTestReportResults,runtimeClasspath,testRuntimeClasspath
io.grpc:grpc-stub:1.60.0=aggregateCodeCoverageReportResults,aggregateTestReportResults,runtimeClasspath,testRuntimeClasspath
io.grpc:grpc-util:1.60.0=aggregateCodeCoverageReportResults,aggregateTestReportResults,runtimeClasspath,testRuntimeClasspath
io.micronaut.gradle:micronaut-platform-catalog-plugin:4.3.4=aggregateCodeCoverageReportResults,aggregateTestReportResults,runtimeClasspath,testRuntimeClasspath
io.perfmark:perfmark-api:0.26.0=aggregateCodeCoverageReportResults,aggregateTestReportResults,runtimeClasspath,testRuntimeClasspath
jakarta.activation:jakarta.activation-api:1.2.1=dokkaGfmRuntime,dokkaHtmlRuntime,dokkaJavadocRuntime,dokkaJekyllRuntime
jakarta.transaction:jakarta.transaction-api:1.3.3=aggregateCodeCoverageReportResults,aggregateTestReportResults,runtimeClasspath,testRuntimeClasspath
jakarta.xml.bind:jakarta.xml.bind-api:2.3.2=dokkaGfmRuntime,dokkaHtmlRuntime,dokkaJavadocRuntime,dokkaJekyllRuntime
javax.activation:javax.activation-api:1.2.0=aggregateCodeCoverageReportResults,aggregateTestReportResults,runtimeClasspath,testRuntimeClasspath
javax.annotation:javax.annotation-api:1.3.2=aggregateCodeCoverageReportResults,aggregateTestReportResults,runtimeClasspath,testRuntimeClasspath
javax.inject:javax.inject:1=aggregateCodeCoverageReportResults,aggregateTestReportResults,runtimeClasspath,testRuntimeClasspath
javax.ws.rs:javax.ws.rs-api:2.0.1=aggregateCodeCoverageReportResults,aggregateTestReportResults,runtimeClasspath,testRuntimeClasspath
javax.xml.bind:jaxb-api:2.3.1=aggregateCodeCoverageReportResults,aggregateTestReportResults,runtimeClasspath,testRuntimeClasspath
joda-time:joda-time:2.10.4=aggregateCodeCoverageReportResults,aggregateTestReportResults,runtimeClasspath,testRuntimeClasspath
net.gpedro.integrations.slack:slack-webhook:1.4.0=aggregateCodeCoverageReportResults,aggregateTestReportResults,runtimeClasspath,testRuntimeClasspath
org.anarres.jdiagnostics:jdiagnostics:1.0.7=aggregateCodeCoverageReportResults,aggregateTestReportResults,runtimeClasspath,testRuntimeClasspath
org.antlr:antlr4-runtime:4.11.1=aggregateCodeCoverageReportResults,aggregateTestReportResults,runtimeClasspath,testRuntimeClasspath
org.apache.commons:commons-collections4:4.4=aggregateCodeCoverageReportResults,aggregateTestReportResults,runtimeClasspath,testRuntimeClasspath
org.apache.commons:commons-compress:1.25.0=aggregateCodeCoverageReportResults,aggregateTestReportResults,runtimeClasspath,testRuntimeClasspath
org.apache.commons:commons-dbcp2:2.11.0=aggregateCodeCoverageReportResults,aggregateTestReportResults,runtimeClasspath,testRuntimeClasspath
org.apache.commons:commons-jcs3-core:3.2=aggregateCodeCoverageReportResults,aggregateTestReportResults,runtimeClasspath,testRuntimeClasspath
org.apache.commons:commons-lang3:3.14.0=aggregateCodeCoverageReportResults,aggregateTestReportResults,runtimeClasspath,testRuntimeClasspath
org.apache.commons:commons-pool2:2.12.0=aggregateCodeCoverageReportResults,aggregateTestReportResults,runtimeClasspath,testRuntimeClasspath
org.apache.commons:commons-text:1.11.0=aggregateCodeCoverageReportResults,aggregateTestReportResults,runtimeClasspath,testRuntimeClasspath
org.apache.httpcomponents.client5:httpclient5:5.2.1=aggregateCodeCoverageReportResults,aggregateTestReportResults,runtimeClasspath,testRuntimeClasspath
org.apache.httpcomponents.core5:httpcore5-h2:5.2=aggregateCodeCoverageReportResults,aggregateTestReportResults,runtimeClasspath,testRuntimeClasspath
org.apache.httpcomponents.core5:httpcore5:5.2=aggregateCodeCoverageReportResults,aggregateTestReportResults,runtimeClasspath,testRuntimeClasspath
org.apache.logging.log4j:log4j-api:2.19.0=aggregateCodeCoverageReportResults,aggregateTestReportResults,runtimeClasspath,testRuntimeClasspath
org.apache.logging.log4j:log4j-core:2.19.0=aggregateCodeCoverageReportResults,aggregateTestReportResults,runtimeClasspath,testRuntimeClasspath
org.apache.lucene:lucene-analyzers-common:8.11.2=aggregateCodeCoverageReportResults,aggregateTestReportResults,runtimeClasspath,testRuntimeClasspath
org.apache.lucene:lucene-core:8.11.2=aggregateCodeCoverageReportResults,aggregateTestReportResults,runtimeClasspath,testRuntimeClasspath
org.apache.lucene:lucene-queries:8.11.2=aggregateCodeCoverageReportResults,aggregateTestReportResults,runtimeClasspath,testRuntimeClasspath
org.apache.lucene:lucene-queryparser:8.11.2=aggregateCodeCoverageReportResults,aggregateTestReportResults,runtimeClasspath,testRuntimeClasspath
org.apache.lucene:lucene-sandbox:8.11.2=aggregateCodeCoverageReportResults,aggregateTestReportResults,runtimeClasspath,testRuntimeClasspath
org.apache.maven.resolver:maven-resolver-api:1.9.18=aggregateCodeCoverageReportResults,aggregateTestReportResults,runtimeClasspath,testRuntimeClasspath
org.apache.maven.resolver:maven-resolver-impl:1.9.18=aggregateCodeCoverageReportResults,aggregateTestReportResults,runtimeClasspath,testRuntimeClasspath
org.apache.maven.resolver:maven-resolver-named-locks:1.9.18=aggregateCodeCoverageReportResults,aggregateTestReportResults,runtimeClasspath,testRuntimeClasspath
org.apache.maven.resolver:maven-resolver-spi:1.9.18=aggregateCodeCoverageReportResults,aggregateTestReportResults,runtimeClasspath,testRuntimeClasspath
org.apache.maven.resolver:maven-resolver-util:1.9.18=aggregateCodeCoverageReportResults,aggregateTestReportResults,runtimeClasspath,testRuntimeClasspath
org.apache.maven.shared:maven-shared-utils:3.3.4=aggregateCodeCoverageReportResults,aggregateTestReportResults,runtimeClasspath,testRuntimeClasspath
org.apache.maven:maven-artifact:3.9.6=aggregateCodeCoverageReportResults,aggregateTestReportResults,runtimeClasspath,testRuntimeClasspath
org.apache.maven:maven-builder-support:3.9.6=aggregateCodeCoverageReportResults,aggregateTestReportResults,runtimeClasspath,testRuntimeClasspath
org.apache.maven:maven-core:3.9.6=aggregateCodeCoverageReportResults,aggregateTestReportResults,runtimeClasspath,testRuntimeClasspath
org.apache.maven:maven-model-builder:3.9.6=aggregateCodeCoverageReportResults,aggregateTestReportResults,runtimeClasspath,testRuntimeClasspath
org.apache.maven:maven-model:3.9.6=aggregateCodeCoverageReportResults,aggregateTestReportResults,runtimeClasspath,testRuntimeClasspath
org.apache.maven:maven-plugin-api:3.9.6=aggregateCodeCoverageReportResults,aggregateTestReportResults,runtimeClasspath,testRuntimeClasspath
org.apache.maven:maven-repository-metadata:3.9.6=aggregateCodeCoverageReportResults,aggregateTestReportResults,runtimeClasspath,testRuntimeClasspath
org.apache.maven:maven-resolver-provider:3.9.6=aggregateCodeCoverageReportResults,aggregateTestReportResults,runtimeClasspath,testRuntimeClasspath
org.apache.maven:maven-settings-builder:3.9.6=aggregateCodeCoverageReportResults,aggregateTestReportResults,runtimeClasspath,testRuntimeClasspath
org.apache.maven:maven-settings:3.9.6=aggregateCodeCoverageReportResults,aggregateTestReportResults,runtimeClasspath,testRuntimeClasspath
org.apache.velocity:velocity-engine-core:2.3=aggregateCodeCoverageReportResults,aggregateTestReportResults,runtimeClasspath,testRuntimeClasspath
org.apiguardian:apiguardian-api:1.1.2=testCompileClasspath,testImplementationDependenciesMetadata
org.bouncycastle:bcpg-jdk18on:1.71=aggregateCodeCoverageReportResults,aggregateTestReportResults,runtimeClasspath,testRuntimeClasspath
org.bouncycastle:bcprov-jdk18on:1.71=aggregateCodeCoverageReportResults,aggregateTestReportResults,runtimeClasspath,testRuntimeClasspath
org.checkerframework:checker-qual:3.41.0=aggregateCodeCoverageReportResults,aggregateTestReportResults,runtimeClasspath,testRuntimeClasspath
org.codehaus.mojo:animal-sniffer-annotations:1.23=aggregateCodeCoverageReportResults,aggregateTestReportResults,runtimeClasspath,testRuntimeClasspath
org.codehaus.plexus:plexus-cipher:2.0=aggregateCodeCoverageReportResults,aggregateTestReportResults,runtimeClasspath,testRuntimeClasspath
org.codehaus.plexus:plexus-classworlds:2.7.0=aggregateCodeCoverageReportResults,aggregateTestReportResults,runtimeClasspath,testRuntimeClasspath
org.codehaus.plexus:plexus-component-annotations:2.1.0=aggregateCodeCoverageReportResults,aggregateTestReportResults,runtimeClasspath,testRuntimeClasspath
org.codehaus.plexus:plexus-interpolation:1.26=aggregateCodeCoverageReportResults,aggregateTestReportResults,runtimeClasspath,testRuntimeClasspath
org.codehaus.plexus:plexus-sec-dispatcher:2.0=aggregateCodeCoverageReportResults,aggregateTestReportResults,runtimeClasspath,testRuntimeClasspath
org.codehaus.plexus:plexus-utils:3.5.1=aggregateCodeCoverageReportResults,aggregateTestReportResults,runtimeClasspath,testRuntimeClasspath
org.codehaus.woodstox:stax2-api:4.2.1=aggregateCodeCoverageReportResults,aggregateTestReportResults,dokkaGfmRuntime,dokkaHtmlRuntime,dokkaJavadocRuntime,dokkaJekyllRuntime,runtimeClasspath,testRuntimeClasspath
org.cyclonedx:cyclonedx-core-java:8.0.3=aggregateCodeCoverageReportResults,aggregateTestReportResults,runtimeClasspath,testRuntimeClasspath
org.cyclonedx:cyclonedx-gradle-plugin:1.8.2=aggregateCodeCoverageReportResults,aggregateTestReportResults,runtimeClasspath,testRuntimeClasspath
org.eclipse.jgit:org.eclipse.jgit:6.7.0.202309050840-r=aggregateCodeCoverageReportResults,aggregateTestReportResults,runtimeClasspath,testRuntimeClasspath
org.eclipse.packager:packager-core:0.19.0=aggregateCodeCoverageReportResults,aggregateTestReportResults,runtimeClasspath,testRuntimeClasspath
org.eclipse.packager:packager-rpm:0.19.0=aggregateCodeCoverageReportResults,aggregateTestReportResults,runtimeClasspath,testRuntimeClasspath
org.eclipse.platform:org.eclipse.osgi:3.18.300=aggregateCodeCoverageReportResults,aggregateTestReportResults,runtimeClasspath,testRuntimeClasspath
org.eclipse.sisu:org.eclipse.sisu.inject:0.9.0.M2=aggregateCodeCoverageReportResults,aggregateTestReportResults,runtimeClasspath,testRuntimeClasspath
org.eclipse.sisu:org.eclipse.sisu.plexus:0.9.0.M2=aggregateCodeCoverageReportResults,aggregateTestReportResults,runtimeClasspath,testRuntimeClasspath
org.freemarker:freemarker:2.3.31=aggregateCodeCoverageReportResults,aggregateTestReportResults,dokkaGfmPlugin,dokkaHtmlPlugin,dokkaJavadocPlugin,dokkaJekyllPlugin,runtimeClasspath,testRuntimeClasspath
org.freemarker:freemarker:2.3.32=koverJvmReporter
org.fusesource.jansi:jansi:2.4.0=aggregateCodeCoverageReportResults,aggregateTestReportResults,runtimeClasspath,testRuntimeClasspath
org.glassfish:javax.json:1.1.4=aggregateCodeCoverageReportResults,aggregateTestReportResults,runtimeClasspath,testRuntimeClasspath
org.gradle.toolchains:foojay-resolver:0.8.0=aggregateCodeCoverageReportResults,aggregateTestReportResults,runtimeClasspath,testRuntimeClasspath
org.jacoco:org.jacoco.agent:0.8.11=jacocoAnt
org.jacoco:org.jacoco.agent:0.8.12=jacocoAgent
org.jacoco:org.jacoco.ant:0.8.11=jacocoAnt
org.jacoco:org.jacoco.core:0.8.11=jacocoAnt
org.jacoco:org.jacoco.report:0.8.11=jacocoAnt
org.jetbrains.dokka:analysis-kotlin-descriptors:1.9.10=dokkaGfmPlugin,dokkaHtmlPlugin,dokkaJavadocPlugin,dokkaJekyllPlugin
org.jetbrains.dokka:analysis-markdown:1.9.10=aggregateCodeCoverageReportResults,aggregateTestReportResults,dokkaGfmPlugin,dokkaHtmlPlugin,dokkaJavadocPlugin,dokkaJekyllPlugin,runtimeClasspath,testRuntimeClasspath
org.jetbrains.dokka:dokka-base:1.9.10=aggregateCodeCoverageReportResults,aggregateTestReportResults,dokkaGfmPlugin,dokkaHtmlPlugin,dokkaJavadocPlugin,dokkaJekyllPlugin,runtimeClasspath,testRuntimeClasspath
org.jetbrains.dokka:dokka-core:1.9.10=aggregateCodeCoverageReportResults,aggregateTestReportResults,dokkaGfmRuntime,dokkaHtmlRuntime,dokkaJavadocRuntime,dokkaJekyllRuntime,runtimeClasspath,testRuntimeClasspath
org.jetbrains.dokka:dokka-gradle-plugin:1.9.10=aggregateCodeCoverageReportResults,aggregateTestReportResults,runtimeClasspath,testRuntimeClasspath
org.jetbrains.intellij.deps:coverage-report:1.0.22=koverJvmReporter
org.jetbrains.intellij.deps:intellij-coverage-agent:1.0.741=koverJvmAgent,koverJvmReporter
org.jetbrains.intellij.deps:intellij-coverage-reporter:1.0.741=koverJvmReporter
org.jetbrains.intellij.deps:trove4j:1.0.20200330=aggregateCodeCoverageReportResults,aggregateTestReportResults,detekt,kotlinBuildToolsApiClasspath,kotlinCompilerClasspath,kotlinKlibCommonizerClasspath,runtimeClasspath,testRuntimeClasspath
org.jetbrains.kotlin:kotlin-android-extensions:1.9.22=aggregateCodeCoverageReportResults,aggregateTestReportResults
org.jetbrains.kotlin:kotlin-assignment-compiler-plugin-embeddable:2.0.21=kotlinCompilerPluginClasspathMain,kotlinCompilerPluginClasspathTest
org.jetbrains.kotlin:kotlin-build-common:2.0.21=kotlinBuildToolsApiClasspath
org.jetbrains.kotlin:kotlin-build-statistics:2.0.21=runtimeClasspath,testRuntimeClasspath
org.jetbrains.kotlin:kotlin-build-tools-api:1.9.22=aggregateCodeCoverageReportResults,aggregateTestReportResults
org.jetbrains.kotlin:kotlin-build-tools-api:2.0.21=kotlinBuildToolsApiClasspath,runtimeClasspath,testRuntimeClasspath
org.jetbrains.kotlin:kotlin-build-tools-impl:2.0.21=kotlinBuildToolsApiClasspath
org.jetbrains.kotlin:kotlin-compiler-embeddable:1.9.22=aggregateCodeCoverageReportResults,aggregateTestReportResults,detekt,kotlinKlibCommonizerClasspath
org.jetbrains.kotlin:kotlin-compiler-embeddable:2.0.21=kotlinBuildToolsApiClasspath,kotlinCompilerClasspath,runtimeClasspath,testRuntimeClasspath
org.jetbrains.kotlin:kotlin-compiler-runner:1.9.22=aggregateCodeCoverageReportResults,aggregateTestReportResults
org.jetbrains.kotlin:kotlin-compiler-runner:2.0.21=kotlinBuildToolsApiClasspath,runtimeClasspath,testRuntimeClasspath
org.jetbrains.kotlin:kotlin-daemon-client:1.9.22=aggregateCodeCoverageReportResults,aggregateTestReportResults
org.jetbrains.kotlin:kotlin-daemon-client:2.0.21=kotlinBuildToolsApiClasspath,runtimeClasspath,testRuntimeClasspath
org.jetbrains.kotlin:kotlin-daemon-embeddable:1.9.22=aggregateCodeCoverageReportResults,aggregateTestReportResults,detekt,kotlinKlibCommonizerClasspath
org.jetbrains.kotlin:kotlin-daemon-embeddable:2.0.21=kotlinBuildToolsApiClasspath,kotlinCompilerClasspath,runtimeClasspath,testRuntimeClasspath
org.jetbrains.kotlin:kotlin-gradle-plugin-annotations:1.9.22=aggregateCodeCoverageReportResults,aggregateTestReportResults
org.jetbrains.kotlin:kotlin-gradle-plugin-annotations:2.0.21=runtimeClasspath,testRuntimeClasspath
org.jetbrains.kotlin:kotlin-gradle-plugin-api:1.9.22=aggregateCodeCoverageReportResults,aggregateTestReportResults
org.jetbrains.kotlin:kotlin-gradle-plugin-api:2.0.21=runtimeClasspath,testRuntimeClasspath
org.jetbrains.kotlin:kotlin-gradle-plugin-idea-proto:1.9.22=aggregateCodeCoverageReportResults,aggregateTestReportResults
org.jetbrains.kotlin:kotlin-gradle-plugin-idea-proto:2.0.21=runtimeClasspath,testRuntimeClasspath
org.jetbrains.kotlin:kotlin-gradle-plugin-idea:1.9.22=aggregateCodeCoverageReportResults,aggregateTestReportResults
org.jetbrains.kotlin:kotlin-gradle-plugin-idea:2.0.21=runtimeClasspath,testRuntimeClasspath
org.jetbrains.kotlin:kotlin-gradle-plugin-model:1.9.22=aggregateCodeCoverageReportResults,aggregateTestReportResults
org.jetbrains.kotlin:kotlin-gradle-plugin-model:2.0.21=runtimeClasspath,testRuntimeClasspath
org.jetbrains.kotlin:kotlin-gradle-plugin:1.9.22=aggregateCodeCoverageReportResults,aggregateTestReportResults
org.jetbrains.kotlin:kotlin-gradle-plugin:2.0.21=runtimeClasspath,testRuntimeClasspath
org.jetbrains.kotlin:kotlin-gradle-plugins-bom:1.9.22=aggregateCodeCoverageReportResults,aggregateTestReportResults
org.jetbrains.kotlin:kotlin-gradle-plugins-bom:2.0.21=runtimeClasspath,testRuntimeClasspath
org.jetbrains.kotlin:kotlin-klib-commonizer-api:1.9.22=aggregateCodeCoverageReportResults,aggregateTestReportResults
org.jetbrains.kotlin:kotlin-klib-commonizer-api:2.0.21=runtimeClasspath,testRuntimeClasspath
org.jetbrains.kotlin:kotlin-klib-commonizer-embeddable:1.9.22=kotlinKlibCommonizerClasspath
org.jetbrains.kotlin:kotlin-native-utils:1.9.22=aggregateCodeCoverageReportResults,aggregateTestReportResults
org.jetbrains.kotlin:kotlin-native-utils:2.0.21=runtimeClasspath,testRuntimeClasspath
org.jetbrains.kotlin:kotlin-project-model:1.9.22=aggregateCodeCoverageReportResults,aggregateTestReportResults
org.jetbrains.kotlin:kotlin-reflect:1.6.10=kotlinBuildToolsApiClasspath,kotlinCompilerClasspath,kotlinKlibCommonizerClasspath
org.jetbrains.kotlin:kotlin-reflect:1.9.10=dokkaGfmPlugin,dokkaGfmRuntime,dokkaHtmlPlugin,dokkaHtmlRuntime,dokkaJavadocPlugin,dokkaJavadocRuntime,dokkaJekyllPlugin,dokkaJekyllRuntime
org.jetbrains.kotlin:kotlin-reflect:1.9.21=aggregateCodeCoverageReportResults,aggregateTestReportResults,runtimeClasspath
org.jetbrains.kotlin:kotlin-reflect:1.9.22=compileOnlyDependenciesMetadata,detekt,embeddedKotlin,testImplementationDependenciesMetadata
org.jetbrains.kotlin:kotlin-reflect:2.0.21=compileClasspath,testCompileClasspath,testRuntimeClasspath
org.jetbrains.kotlin:kotlin-sam-with-receiver-compiler-plugin-embeddable:2.0.21=kotlinCompilerPluginClasspathMain,kotlinCompilerPluginClasspathTest
org.jetbrains.kotlin:kotlin-script-runtime:1.9.22=detekt,kotlinKlibCommonizerClasspath
org.jetbrains.kotlin:kotlin-script-runtime:2.0.21=kotlinBuildToolsApiClasspath,kotlinCompilerClasspath,kotlinCompilerPluginClasspathMain,kotlinCompilerPluginClasspathTest
org.jetbrains.kotlin:kotlin-scripting-common:1.9.22=aggregateCodeCoverageReportResults,aggregateTestReportResults
org.jetbrains.kotlin:kotlin-scripting-common:2.0.21=kotlinBuildToolsApiClasspath,kotlinCompilerPluginClasspathMain,kotlinCompilerPluginClasspathTest
org.jetbrains.kotlin:kotlin-scripting-compiler-embeddable:1.9.22=aggregateCodeCoverageReportResults,aggregateTestReportResults
org.jetbrains.kotlin:kotlin-scripting-compiler-embeddable:2.0.21=kotlinBuildToolsApiClasspath,kotlinCompilerPluginClasspathMain,kotlinCompilerPluginClasspathTest
org.jetbrains.kotlin:kotlin-scripting-compiler-impl-embeddable:1.9.22=aggregateCodeCoverageReportResults,aggregateTestReportResults
org.jetbrains.kotlin:kotlin-scripting-compiler-impl-embeddable:2.0.21=kotlinBuildToolsApiClasspath,kotlinCompilerPluginClasspathMain,kotlinCompilerPluginClasspathTest
org.jetbrains.kotlin:kotlin-scripting-jvm:1.9.22=aggregateCodeCoverageReportResults,aggregateTestReportResults
org.jetbrains.kotlin:kotlin-scripting-jvm:2.0.21=kotlinBuildToolsApiClasspath,kotlinCompilerPluginClasspathMain,kotlinCompilerPluginClasspathTest
org.jetbrains.kotlin:kotlin-stdlib-common:1.9.10=dokkaGfmPlugin,dokkaGfmRuntime,dokkaHtmlPlugin,dokkaHtmlRuntime,dokkaJavadocPlugin,dokkaJavadocRuntime,dokkaJekyllPlugin,dokkaJekyllRuntime
org.jetbrains.kotlin:kotlin-stdlib-common:1.9.22=aggregateCodeCoverageReportResults,aggregateTestReportResults,detekt,runtimeClasspath
org.jetbrains.kotlin:kotlin-stdlib-common:2.0.21=testRuntimeClasspath
org.jetbrains.kotlin:kotlin-stdlib-jdk7:1.8.21=detekt
org.jetbrains.kotlin:kotlin-stdlib-jdk7:1.9.10=aggregateCodeCoverageReportResults,aggregateTestReportResults,dokkaGfmPlugin,dokkaGfmRuntime,dokkaHtmlPlugin,dokkaHtmlRuntime,dokkaJavadocPlugin,dokkaJavadocRuntime,dokkaJekyllPlugin,dokkaJekyllRuntime,runtimeClasspath,testRuntimeClasspath
org.jetbrains.kotlin:kotlin-stdlib-jdk8:1.8.21=detekt
org.jetbrains.kotlin:kotlin-stdlib-jdk8:1.9.10=aggregateCodeCoverageReportResults,aggregateTestReportResults,dokkaGfmPlugin,dokkaGfmRuntime,dokkaHtmlPlugin,dokkaHtmlRuntime,dokkaJavadocPlugin,dokkaJavadocRuntime,dokkaJekyllPlugin,dokkaJekyllRuntime,runtimeClasspath,testRuntimeClasspath
org.jetbrains.kotlin:kotlin-stdlib:1.9.10=dokkaGfmPlugin,dokkaGfmRuntime,dokkaHtmlPlugin,dokkaHtmlRuntime,dokkaJavadocPlugin,dokkaJavadocRuntime,dokkaJekyllPlugin,dokkaJekyllRuntime
org.jetbrains.kotlin:kotlin-stdlib:1.9.22=aggregateCodeCoverageReportResults,aggregateTestReportResults,compileOnlyDependenciesMetadata,detekt,embeddedKotlin,kotlinKlibCommonizerClasspath,runtimeClasspath,testApiDependenciesMetadata,testImplementationDependenciesMetadata
org.jetbrains.kotlin:kotlin-stdlib:2.0.21=compileClasspath,kotlinBuildToolsApiClasspath,kotlinCompilerClasspath,kotlinCompilerPluginClasspathMain,kotlinCompilerPluginClasspathTest,testCompileClasspath,testRuntimeClasspath
org.jetbrains.kotlin:kotlin-test-annotations-common:1.9.22=testApiDependenciesMetadata,testImplementationDependenciesMetadata
org.jetbrains.kotlin:kotlin-test-common:1.9.22=testApiDependenciesMetadata,testImplementationDependenciesMetadata
org.jetbrains.kotlin:kotlin-test-junit5:2.0.21=testCompileClasspath,testRuntimeClasspath
org.jetbrains.kotlin:kotlin-test:1.9.22=testApiDependenciesMetadata,testImplementationDependenciesMetadata
org.jetbrains.kotlin:kotlin-test:2.0.21=testCompileClasspath,testRuntimeClasspath
org.jetbrains.kotlin:kotlin-tooling-core:1.9.22=aggregateCodeCoverageReportResults,aggregateTestReportResults
org.jetbrains.kotlin:kotlin-tooling-core:2.0.21=runtimeClasspath,testRuntimeClasspath
org.jetbrains.kotlin:kotlin-util-io:1.9.22=aggregateCodeCoverageReportResults,aggregateTestReportResults
org.jetbrains.kotlin:kotlin-util-io:2.0.21=runtimeClasspath,testRuntimeClasspath
org.jetbrains.kotlin:kotlin-util-klib:1.9.22=aggregateCodeCoverageReportResults,aggregateTestReportResults
org.jetbrains.kotlin:kotlin-util-klib:2.0.21=runtimeClasspath,testRuntimeClasspath
org.jetbrains.kotlinx:kotlinx-collections-immutable-jvm:0.3.7=aggregateCodeCoverageReportResults,aggregateTestReportResults,runtimeClasspath,testRuntimeClasspath
org.jetbrains.kotlinx:kotlinx-collections-immutable:0.3.7=aggregateCodeCoverageReportResults,aggregateTestReportResults,runtimeClasspath,testRuntimeClasspath
org.jetbrains.kotlinx:kotlinx-coroutines-bom:1.6.3=aggregateCodeCoverageReportResults,aggregateTestReportResults,dokkaGfmPlugin,dokkaGfmRuntime,dokkaHtmlPlugin,dokkaHtmlRuntime,dokkaJavadocPlugin,dokkaJavadocRuntime,dokkaJekyllPlugin,dokkaJekyllRuntime
org.jetbrains.kotlinx:kotlinx-coroutines-bom:1.6.4=runtimeClasspath,testRuntimeClasspath
org.jetbrains.kotlinx:kotlinx-coroutines-core-jvm:1.6.3=aggregateCodeCoverageReportResults,aggregateTestReportResults,dokkaGfmPlugin,dokkaGfmRuntime,dokkaHtmlPlugin,dokkaHtmlRuntime,dokkaJavadocPlugin,dokkaJavadocRuntime,dokkaJekyllPlugin,dokkaJekyllRuntime
org.jetbrains.kotlinx:kotlinx-coroutines-core-jvm:1.6.4=kotlinBuildToolsApiClasspath,kotlinCompilerClasspath,runtimeClasspath,testRuntimeClasspath
org.jetbrains.kotlinx:kotlinx-coroutines-core:1.6.3=aggregateCodeCoverageReportResults,aggregateTestReportResults,dokkaGfmPlugin,dokkaGfmRuntime,dokkaHtmlPlugin,dokkaHtmlRuntime,dokkaJavadocPlugin,dokkaJavadocRuntime,dokkaJekyllPlugin,dokkaJekyllRuntime
org.jetbrains.kotlinx:kotlinx-coroutines-core:1.6.4=runtimeClasspath,testRuntimeClasspath
org.jetbrains.kotlinx:kotlinx-html-jvm:0.7.5=aggregateCodeCoverageReportResults,aggregateTestReportResults,dokkaGfmPlugin,dokkaHtmlPlugin,dokkaJavadocPlugin,dokkaJekyllPlugin,runtimeClasspath,testRuntimeClasspath
org.jetbrains.kotlinx:kotlinx-html-jvm:0.8.1=detekt
org.jetbrains.kotlinx:kotlinx-metadata-jvm:0.6.0=aggregateCodeCoverageReportResults,aggregateTestReportResults,runtimeClasspath,testRuntimeClasspath
org.jetbrains.kotlinx:kotlinx-serialization-bom:1.6.2=aggregateCodeCoverageReportResults,aggregateTestReportResults,runtimeClasspath,testRuntimeClasspath
org.jetbrains.kotlinx:kotlinx-serialization-core-jvm:1.4.1=detekt
org.jetbrains.kotlinx:kotlinx-serialization-core-jvm:1.6.2=aggregateCodeCoverageReportResults,aggregateTestReportResults,runtimeClasspath,testRuntimeClasspath
org.jetbrains.kotlinx:kotlinx-serialization-core:1.4.1=detekt
org.jetbrains.kotlinx:kotlinx-serialization-core:1.6.2=aggregateCodeCoverageReportResults,aggregateTestReportResults,runtimeClasspath,testRuntimeClasspath
org.jetbrains.kotlinx:kotlinx-serialization-json-jvm:1.4.1=detekt
org.jetbrains.kotlinx:kotlinx-serialization-json-jvm:1.6.2=aggregateCodeCoverageReportResults,aggregateTestReportResults,runtimeClasspath,testRuntimeClasspath
org.jetbrains.kotlinx:kotlinx-serialization-json:1.4.1=detekt
org.jetbrains.kotlinx:kotlinx-serialization-json:1.6.2=aggregateCodeCoverageReportResults,aggregateTestReportResults,runtimeClasspath,testRuntimeClasspath
org.jetbrains.kotlinx:kover-gradle-plugin:0.7.5=aggregateCodeCoverageReportResults,aggregateTestReportResults,runtimeClasspath,testRuntimeClasspath
org.jetbrains:annotations:13.0=aggregateCodeCoverageReportResults,aggregateTestReportResults,compileClasspath,detekt,dokkaGfmPlugin,dokkaGfmRuntime,dokkaHtmlPlugin,dokkaHtmlRuntime,dokkaJavadocPlugin,dokkaJavadocRuntime,dokkaJekyllPlugin,dokkaJekyllRuntime,embeddedKotlin,kotlinBuildToolsApiClasspath,kotlinCompilerClasspath,kotlinCompilerPluginClasspathMain,kotlinCompilerPluginClasspathTest,kotlinKlibCommonizerClasspath,runtimeClasspath,testCompileClasspath,testRuntimeClasspath
org.jetbrains:annotations:16.0.2=koverJvmReporter
org.jetbrains:markdown-jvm:0.3.1=aggregateCodeCoverageReportResults,aggregateTestReportResults,dokkaGfmPlugin,dokkaHtmlPlugin,dokkaJavadocPlugin,dokkaJekyllPlugin,runtimeClasspath,testRuntimeClasspath
org.jetbrains:markdown:0.3.1=aggregateCodeCoverageReportResults,aggregateTestReportResults,dokkaGfmPlugin,dokkaHtmlPlugin,dokkaJavadocPlugin,dokkaJekyllPlugin,runtimeClasspath,testRuntimeClasspath
org.json:json:20231013=aggregateCodeCoverageReportResults,aggregateTestReportResults,runtimeClasspath,testRuntimeClasspath
org.jsoup:jsoup:1.15.3=dokkaGfmPlugin,dokkaHtmlPlugin,dokkaJavadocPlugin,dokkaJekyllPlugin
org.jsoup:jsoup:1.16.2=aggregateCodeCoverageReportResults,aggregateTestReportResults,runtimeClasspath,testRuntimeClasspath
org.junit.jupiter:junit-jupiter-api:5.10.2=testCompileClasspath,testImplementationDependenciesMetadata,testRuntimeClasspath
org.junit.jupiter:junit-jupiter-engine:5.10.2=testCompileClasspath,testImplementationDependenciesMetadata,testRuntimeClasspath
org.junit.jupiter:junit-jupiter-params:5.10.2=testCompileClasspath,testImplementationDependenciesMetadata,testRuntimeClasspath
org.junit.jupiter:junit-jupiter:5.10.2=testCompileClasspath,testImplementationDependenciesMetadata,testRuntimeClasspath
org.junit.platform:junit-platform-commons:1.10.2=testCompileClasspath,testImplementationDependenciesMetadata,testRuntimeClasspath
org.junit.platform:junit-platform-console:1.10.2=testRuntimeClasspath
org.junit.platform:junit-platform-engine:1.10.2=testCompileClasspath,testImplementationDependenciesMetadata,testRuntimeClasspath
org.junit.platform:junit-platform-launcher:1.10.2=testRuntimeClasspath
org.junit.platform:junit-platform-reporting:1.10.2=testRuntimeClasspath
org.junit:junit-bom:5.10.2=testCompileClasspath,testImplementationDependenciesMetadata,testRuntimeClasspath
org.opentest4j:opentest4j:1.3.0=testCompileClasspath,testImplementationDependenciesMetadata,testRuntimeClasspath
org.ow2.asm:asm-analysis:9.6=testCompileClasspath,testImplementationDependenciesMetadata,testRuntimeClasspath
org.ow2.asm:asm-commons:9.6=jacocoAnt,testCompileClasspath,testImplementationDependenciesMetadata,testRuntimeClasspath
org.ow2.asm:asm-tree:9.6=jacocoAnt,testCompileClasspath,testImplementationDependenciesMetadata,testRuntimeClasspath
org.ow2.asm:asm-util:9.6=testCompileClasspath,testImplementationDependenciesMetadata,testRuntimeClasspath
org.ow2.asm:asm:9.6=jacocoAnt,testCompileClasspath,testImplementationDependenciesMetadata,testRuntimeClasspath
org.owasp:dependency-check-core:9.0.9=aggregateCodeCoverageReportResults,aggregateTestReportResults,runtimeClasspath,testRuntimeClasspath
org.owasp:dependency-check-gradle:9.0.9=aggregateCodeCoverageReportResults,aggregateTestReportResults,runtimeClasspath,testRuntimeClasspath
org.owasp:dependency-check-utils:9.0.9=aggregateCodeCoverageReportResults,aggregateTestReportResults,runtimeClasspath,testRuntimeClasspath
org.semver4j:semver4j:5.2.2=aggregateCodeCoverageReportResults,aggregateTestReportResults,runtimeClasspath,testRuntimeClasspath
org.slf4j:jcl-over-slf4j:1.7.28=aggregateCodeCoverageReportResults,aggregateTestReportResults,runtimeClasspath,testRuntimeClasspath
org.slf4j:slf4j-api:2.0.7=aggregateCodeCoverageReportResults,aggregateTestReportResults,runtimeClasspath,testRuntimeClasspath
org.snakeyaml:snakeyaml-engine:2.6=detekt
org.sonatype.goodies:package-url-java:1.1.1=aggregateCodeCoverageReportResults,aggregateTestReportResults,runtimeClasspath,testRuntimeClasspath
org.sonatype.ossindex:ossindex-service-api:1.8.2=aggregateCodeCoverageReportResults,aggregateTestReportResults,runtimeClasspath,testRuntimeClasspath
org.sonatype.ossindex:ossindex-service-client:1.8.2=aggregateCodeCoverageReportResults,aggregateTestReportResults,runtimeClasspath,testRuntimeClasspath
org.spdx:java-spdx-library:1.1.10=aggregateCodeCoverageReportResults,aggregateTestReportResults,runtimeClasspath,testRuntimeClasspath
org.spdx:spdx-gradle-plugin:0.7.0=aggregateCodeCoverageReportResults,aggregateTestReportResults,runtimeClasspath,testRuntimeClasspath
org.spdx:spdx-jackson-store:1.1.9.1=aggregateCodeCoverageReportResults,aggregateTestReportResults,runtimeClasspath,testRuntimeClasspath
org.tomlj:tomlj:1.1.1=aggregateCodeCoverageReportResults,aggregateTestReportResults,runtimeClasspath,testRuntimeClasspath
org.tukaani:xz:1.9=aggregateCodeCoverageReportResults,aggregateTestReportResults,runtimeClasspath,testRuntimeClasspath
org.whitesource:pecoff4j:0.0.2.1=aggregateCodeCoverageReportResults,aggregateTestReportResults,runtimeClasspath,testRuntimeClasspath
org.yaml:snakeyaml:2.2=aggregateCodeCoverageReportResults,aggregateTestReportResults,runtimeClasspath,testRuntimeClasspath
us.springett:cpe-parser:2.0.3=aggregateCodeCoverageReportResults,aggregateTestReportResults,runtimeClasspath,testRuntimeClasspath
empty=annotationProcessor,apiDependenciesMetadata,detektPlugins,dokkaPlugin,dokkaRuntime,implementationDependenciesMetadata,intransitiveDependenciesMetadata,kotlinCompilerPluginClasspath,kotlinNativeCompilerPluginClasspath,kotlinScriptDef,kotlinScriptDefExtensions,koverExternalArtifacts,testAnnotationProcessor,testCompileOnlyDependenciesMetadata,testIntransitiveDependenciesMetadata,testKotlinScriptDef,testKotlinScriptDefExtensions
